
Microsoft Visual Studio Solution File, Format Version 12.00
# Visual Studio Version 17
VisualStudioVersion = 17.8.34330.188
MinimumVisualStudioVersion = 10.0.40219.1
Project("{2150E333-8FDC-42A3-9474-1A3956D46DE8}") = "SolutionItems", "SolutionItems", "{38ADC494-2AB1-49AC-88E5-7F66EB5426E5}"
	ProjectSection(SolutionItems) = preProject
		.editorconfig = .editorconfig
		.gitignore = .gitignore
		Directory.Build.props = Directory.Build.props
		Directory.Packages.props = Directory.Packages.props
		global.json = global.json
		LICENSE = LICENSE
		README.md = README.md
	EndProjectSection
EndProject
Project("{2150E333-8FDC-42A3-9474-1A3956D46DE8}") = "src", "src", "{F222EC25-85D6-43A5-BDFB-610E0517F32C}"
EndProject
Project("{2150E333-8FDC-42A3-9474-1A3956D46DE8}") = "tests", "tests", "{25CCC448-A5E7-485A-9FA1-77C96FEF1E15}"
EndProject
Project("{9A19103F-16F7-4668-BE54-9A1E7A4F7556}") = "Domain", "src\Domain\Domain.csproj", "{ADE97AD3-0786-4D8A-84A9-83FED95C4ABB}"
EndProject
Project("{9A19103F-16F7-4668-BE54-9A1E7A4F7556}") = "Application", "src\Application\Application.csproj", "{CB276A93-0449-4C99-9CEA-B625D630B137}"
EndProject
Project("{9A19103F-16F7-4668-BE54-9A1E7A4F7556}") = "Infrastructure", "src\Infrastructure\Infrastructure.csproj", "{288D04CA-1A95-43B2-BB0A-C5ADCEA9FB70}"
EndProject
Project("{9A19103F-16F7-4668-BE54-9A1E7A4F7556}") = "Web", "src\Web\Web.csproj", "{5FA3BFDA-6341-476D-8BE0-CB89EFB0B8DD}"
EndProject
Project("{FAE04EC0-301F-11D3-BF4B-00C04F79EFBC}") = "WebBlazor", "src\WebBlazor\WebBlazor.csproj", "{CFF9AE68-B3D1-4A84-987F-5E963A8A63A0}"
EndProject
Global
	GlobalSection(SolutionConfigurationPlatforms) = preSolution
		Debug|Any CPU = Debug|Any CPU
		Release|Any CPU = Release|Any CPU
	EndGlobalSection
	GlobalSection(ProjectConfigurationPlatforms) = postSolution
		{ADE97AD3-0786-4D8A-84A9-83FED95C4ABB}.Debug|Any CPU.ActiveCfg = Debug|Any CPU
		{ADE97AD3-0786-4D8A-84A9-83FED95C4ABB}.Debug|Any CPU.Build.0 = Debug|Any CPU
		{ADE97AD3-0786-4D8A-84A9-83FED95C4ABB}.Release|Any CPU.ActiveCfg = Release|Any CPU
		{ADE97AD3-0786-4D8A-84A9-83FED95C4ABB}.Release|Any CPU.Build.0 = Release|Any CPU
		{CB276A93-0449-4C99-9CEA-B625D630B137}.Debug|Any CPU.ActiveCfg = Debug|Any CPU
		{CB276A93-0449-4C99-9CEA-B625D630B137}.Debug|Any CPU.Build.0 = Debug|Any CPU
		{CB276A93-0449-4C99-9CEA-B625D630B137}.Release|Any CPU.ActiveCfg = Release|Any CPU
		{CB276A93-0449-4C99-9CEA-B625D630B137}.Release|Any CPU.Build.0 = Release|Any CPU
		{288D04CA-1A95-43B2-BB0A-C5ADCEA9FB70}.Debug|Any CPU.ActiveCfg = Debug|Any CPU
		{288D04CA-1A95-43B2-BB0A-C5ADCEA9FB70}.Debug|Any CPU.Build.0 = Debug|Any CPU
		{288D04CA-1A95-43B2-BB0A-C5ADCEA9FB70}.Release|Any CPU.ActiveCfg = Release|Any CPU
		{288D04CA-1A95-43B2-BB0A-C5ADCEA9FB70}.Release|Any CPU.Build.0 = Release|Any CPU
		{5FA3BFDA-6341-476D-8BE0-CB89EFB0B8DD}.Debug|Any CPU.ActiveCfg = Debug|Any CPU
		{5FA3BFDA-6341-476D-8BE0-CB89EFB0B8DD}.Debug|Any CPU.Build.0 = Debug|Any CPU
		{5FA3BFDA-6341-476D-8BE0-CB89EFB0B8DD}.Release|Any CPU.ActiveCfg = Release|Any CPU
		{5FA3BFDA-6341-476D-8BE0-CB89EFB0B8DD}.Release|Any CPU.Build.0 = Release|Any CPU
		{CFF9AE68-B3D1-4A84-987F-5E963A8A63A0}.Debug|Any CPU.ActiveCfg = Debug|Any CPU
		{CFF9AE68-B3D1-4A84-987F-5E963A8A63A0}.Debug|Any CPU.Build.0 = Debug|Any CPU
		{CFF9AE68-B3D1-4A84-987F-5E963A8A63A0}.Release|Any CPU.ActiveCfg = Release|Any CPU
		{CFF9AE68-B3D1-4A84-987F-5E963A8A63A0}.Release|Any CPU.Build.0 = Release|Any CPU
	EndGlobalSection
	GlobalSection(SolutionProperties) = preSolution
		HideSolutionNode = FALSE
	EndGlobalSection
	GlobalSection(NestedProjects) = preSolution
		{ADE97AD3-0786-4D8A-84A9-83FED95C4ABB} = {F222EC25-85D6-43A5-BDFB-610E0517F32C}
		{CB276A93-0449-4C99-9CEA-B625D630B137} = {F222EC25-85D6-43A5-BDFB-610E0517F32C}
		{288D04CA-1A95-43B2-BB0A-C5ADCEA9FB70} = {F222EC25-85D6-43A5-BDFB-610E0517F32C}
		{5FA3BFDA-6341-476D-8BE0-CB89EFB0B8DD} = {F222EC25-85D6-43A5-BDFB-610E0517F32C}
		{CFF9AE68-B3D1-4A84-987F-5E963A8A63A0} = {F222EC25-85D6-43A5-BDFB-610E0517F32C}
	EndGlobalSection
	GlobalSection(ExtensibilityGlobals) = postSolution
		SolutionGuid = {03DF8966-F588-4562-AF73-76E82863DDB3}
	EndGlobalSection
EndGlobal
